{
  "name": "@pentaho/other",
  "version": "1.0.0-SNAPSHOT",
  "lockfileVersion": 1,
  "requires": true,
  "dependencies": {
    "@pentaho/mvn-web": {
      "version": "1.0.0-SNAPSHOT",
      "resolved": "https://nexus3.pentaho.com/repository/npm-test/@pentaho/mvn-web/-/mvn-web-1.0.0-SNAPSHOT.tgz",
      "integrity": "sha512-QFgcQML9brL+dsYQIVGWx35ZJtbhBWIRqTCBS8ZZQh8kl/UjYG5ch5HWH2P4hf0qwwyA3neCID9L8SQAgtHUwg=="
    }
  }
}
